
Microsoft Visual Studio Solution File, Format Version 12.00
# Visual Studio 15
VisualStudioVersion = 15.0.26124.0
MinimumVisualStudioVersion = 15.0.26124.0
Project("{FAE04EC0-301F-11D3-BF4B-00C04F79EFBC}") = "application", "Api.Application\application.csproj", "{F8732B66-6EF6-49A5-8D47-22BC203B91F1}"
EndProject
Project("{FAE04EC0-301F-11D3-BF4B-00C04F79EFBC}") = "Domain", "Api.Domain\Domain.csproj", "{CEE45D2E-7BF8-41A1-97A1-079EEE64D24B}"
EndProject
Project("{FAE04EC0-301F-11D3-BF4B-00C04F79EFBC}") = "CrossCutting", "Api.CrossCutting\CrossCutting.csproj", "{37E58A08-5159-4F49-AD9B-8160240FCF37}"
EndProject
Project("{FAE04EC0-301F-11D3-BF4B-00C04F79EFBC}") = "Data", "Api.Data\Data.csproj", "{FE770E4D-7486-4AFB-A012-F6E5290FC4AF}"
EndProject
Project("{FAE04EC0-301F-11D3-BF4B-00C04F79EFBC}") = "Service", "Api.Service\Service.csproj", "{0D04A7C2-3B9C-4E30-8E36-AFDBD66FEE45}"
EndProject
Global
	GlobalSection(SolutionConfigurationPlatforms) = preSolution
		Debug|Any CPU = Debug|Any CPU
		Debug|x64 = Debug|x64
		Debug|x86 = Debug|x86
		Release|Any CPU = Release|Any CPU
		Release|x64 = Release|x64
		Release|x86 = Release|x86
	EndGlobalSection
	GlobalSection(SolutionProperties) = preSolution
		HideSolutionNode = FALSE
	EndGlobalSection
	GlobalSection(ProjectConfigurationPlatforms) = postSolution
		{F8732B66-6EF6-49A5-8D47-22BC203B91F1}.Debug|Any CPU.ActiveCfg = Debug|Any CPU
		{F8732B66-6EF6-49A5-8D47-22BC203B91F1}.Debug|Any CPU.Build.0 = Debug|Any CPU
		{F8732B66-6EF6-49A5-8D47-22BC203B91F1}.Debug|x64.ActiveCfg = Debug|Any CPU
		{F8732B66-6EF6-49A5-8D47-22BC203B91F1}.Debug|x64.Build.0 = Debug|Any CPU
		{F8732B66-6EF6-49A5-8D47-22BC203B91F1}.Debug|x86.ActiveCfg = Debug|Any CPU
		{F8732B66-6EF6-49A5-8D47-22BC203B91F1}.Debug|x86.Build.0 = Debug|Any CPU
		{F8732B66-6EF6-49A5-8D47-22BC203B91F1}.Release|Any CPU.ActiveCfg = Release|Any CPU
		{F8732B66-6EF6-49A5-8D47-22BC203B91F1}.Release|Any CPU.Build.0 = Release|Any CPU
		{F8732B66-6EF6-49A5-8D47-22BC203B91F1}.Release|x64.ActiveCfg = Release|Any CPU
		{F8732B66-6EF6-49A5-8D47-22BC203B91F1}.Release|x64.Build.0 = Release|Any CPU
		{F8732B66-6EF6-49A5-8D47-22BC203B91F1}.Release|x86.ActiveCfg = Release|Any CPU
		{F8732B66-6EF6-49A5-8D47-22BC203B91F1}.Release|x86.Build.0 = Release|Any CPU
		{CEE45D2E-7BF8-41A1-97A1-079EEE64D24B}.Debug|Any CPU.ActiveCfg = Debug|Any CPU
		{CEE45D2E-7BF8-41A1-97A1-079EEE64D24B}.Debug|Any CPU.Build.0 = Debug|Any CPU
		{CEE45D2E-7BF8-41A1-97A1-079EEE64D24B}.Debug|x64.ActiveCfg = Debug|Any CPU
		{CEE45D2E-7BF8-41A1-97A1-079EEE64D24B}.Debug|x64.Build.0 = Debug|Any CPU
		{CEE45D2E-7BF8-41A1-97A1-079EEE64D24B}.Debug|x86.ActiveCfg = Debug|Any CPU
		{CEE45D2E-7BF8-41A1-97A1-079EEE64D24B}.Debug|x86.Build.0 = Debug|Any CPU
		{CEE45D2E-7BF8-41A1-97A1-079EEE64D24B}.Release|Any CPU.ActiveCfg = Release|Any CPU
		{CEE45D2E-7BF8-41A1-97A1-079EEE64D24B}.Release|Any CPU.Build.0 = Release|Any CPU
		{CEE45D2E-7BF8-41A1-97A1-079EEE64D24B}.Release|x64.ActiveCfg = Release|Any CPU
		{CEE45D2E-7BF8-41A1-97A1-079EEE64D24B}.Release|x64.Build.0 = Release|Any CPU
		{CEE45D2E-7BF8-41A1-97A1-079EEE64D24B}.Release|x86.ActiveCfg = Release|Any CPU
		{CEE45D2E-7BF8-41A1-97A1-079EEE64D24B}.Release|x86.Build.0 = Release|Any CPU
		{37E58A08-5159-4F49-AD9B-8160240FCF37}.Debug|Any CPU.ActiveCfg = Debug|Any CPU
		{37E58A08-5159-4F49-AD9B-8160240FCF37}.Debug|Any CPU.Build.0 = Debug|Any CPU
		{37E58A08-5159-4F49-AD9B-8160240FCF37}.Debug|x64.ActiveCfg = Debug|Any CPU
		{37E58A08-5159-4F49-AD9B-8160240FCF37}.Debug|x64.Build.0 = Debug|Any CPU
		{37E58A08-5159-4F49-AD9B-8160240FCF37}.Debug|x86.ActiveCfg = Debug|Any CPU
		{37E58A08-5159-4F49-AD9B-8160240FCF37}.Debug|x86.Build.0 = Debug|Any CPU
		{37E58A08-5159-4F49-AD9B-8160240FCF37}.Release|Any CPU.ActiveCfg = Release|Any CPU
		{37E58A08-5159-4F49-AD9B-8160240FCF37}.Release|Any CPU.Build.0 = Release|Any CPU
		{37E58A08-5159-4F49-AD9B-8160240FCF37}.Release|x64.ActiveCfg = Release|Any CPU
		{37E58A08-5159-4F49-AD9B-8160240FCF37}.Release|x64.Build.0 = Release|Any CPU
		{37E58A08-5159-4F49-AD9B-8160240FCF37}.Release|x86.ActiveCfg = Release|Any CPU
		{37E58A08-5159-4F49-AD9B-8160240FCF37}.Release|x86.Build.0 = Release|Any CPU
		{FE770E4D-7486-4AFB-A012-F6E5290FC4AF}.Debug|Any CPU.ActiveCfg = Debug|Any CPU
		{FE770E4D-7486-4AFB-A012-F6E5290FC4AF}.Debug|Any CPU.Build.0 = Debug|Any CPU
		{FE770E4D-7486-4AFB-A012-F6E5290FC4AF}.Debug|x64.ActiveCfg = Debug|Any CPU
		{FE770E4D-7486-4AFB-A012-F6E5290FC4AF}.Debug|x64.Build.0 = Debug|Any CPU
		{FE770E4D-7486-4AFB-A012-F6E5290FC4AF}.Debug|x86.ActiveCfg = Debug|Any CPU
		{FE770E4D-7486-4AFB-A012-F6E5290FC4AF}.Debug|x86.Build.0 = Debug|Any CPU
		{FE770E4D-7486-4AFB-A012-F6E5290FC4AF}.Release|Any CPU.ActiveCfg = Release|Any CPU
		{FE770E4D-7486-4AFB-A012-F6E5290FC4AF}.Release|Any CPU.Build.0 = Release|Any CPU
		{FE770E4D-7486-4AFB-A012-F6E5290FC4AF}.Release|x64.ActiveCfg = Release|Any CPU
		{FE770E4D-7486-4AFB-A012-F6E5290FC4AF}.Release|x64.Build.0 = Release|Any CPU
		{FE770E4D-7486-4AFB-A012-F6E5290FC4AF}.Release|x86.ActiveCfg = Release|Any CPU
		{FE770E4D-7486-4AFB-A012-F6E5290FC4AF}.Release|x86.Build.0 = Release|Any CPU
		{0D04A7C2-3B9C-4E30-8E36-AFDBD66FEE45}.Debug|Any CPU.ActiveCfg = Debug|Any CPU
		{0D04A7C2-3B9C-4E30-8E36-AFDBD66FEE45}.Debug|Any CPU.Build.0 = Debug|Any CPU
		{0D04A7C2-3B9C-4E30-8E36-AFDBD66FEE45}.Debug|x64.ActiveCfg = Debug|Any CPU
		{0D04A7C2-3B9C-4E30-8E36-AFDBD66FEE45}.Debug|x64.Build.0 = Debug|Any CPU
		{0D04A7C2-3B9C-4E30-8E36-AFDBD66FEE45}.Debug|x86.ActiveCfg = Debug|Any CPU
		{0D04A7C2-3B9C-4E30-8E36-AFDBD66FEE45}.Debug|x86.Build.0 = Debug|Any CPU
		{0D04A7C2-3B9C-4E30-8E36-AFDBD66FEE45}.Release|Any CPU.ActiveCfg = Release|Any CPU
		{0D04A7C2-3B9C-4E30-8E36-AFDBD66FEE45}.Release|Any CPU.Build.0 = Release|Any CPU
		{0D04A7C2-3B9C-4E30-8E36-AFDBD66FEE45}.Release|x64.ActiveCfg = Release|Any CPU
		{0D04A7C2-3B9C-4E30-8E36-AFDBD66FEE45}.Release|x64.Build.0 = Release|Any CPU
		{0D04A7C2-3B9C-4E30-8E36-AFDBD66FEE45}.Release|x86.ActiveCfg = Release|Any CPU
		{0D04A7C2-3B9C-4E30-8E36-AFDBD66FEE45}.Release|x86.Build.0 = Release|Any CPU
	EndGlobalSection
EndGlobal
